
Microsoft Visual Studio Solution File, Format Version 12.00
# Visual Studio Version 16
VisualStudioVersion = 16.0.32630.194
MinimumVisualStudioVersion = 10.0.40219.1
Project("{E24C65DC-7377-472B-9ABA-BC803B73C61A}") = "AstixDemo_E360", ".", "{8F2259DC-F030-481D-BD1A-AE20C4D5FD5D}"
	ProjectSection(WebsiteProperties) = preProject
		TargetFrameworkMoniker = ".NETFramework,Version%3Dv4.5"
		Debug.AspNetCompiler.VirtualPath = "/localhost_54806"
		Debug.AspNetCompiler.PhysicalPath = "..\AstixDemo_E360\"
		Debug.AspNetCompiler.TargetPath = "PrecompiledWeb\localhost_54806\"
		Debug.AspNetCompiler.Updateable = "true"
		Debug.AspNetCompiler.ForceOverwrite = "true"
		Debug.AspNetCompiler.FixedNames = "false"
		Debug.AspNetCompiler.Debug = "True"
		Release.AspNetCompiler.VirtualPath = "/localhost_54806"
		Release.AspNetCompiler.PhysicalPath = "..\AstixDemo_E360\"
		Release.AspNetCompiler.TargetPath = "PrecompiledWeb\localhost_54806\"
		Release.AspNetCompiler.Updateable = "true"
		Release.AspNetCompiler.ForceOverwrite = "true"
		Release.AspNetCompiler.FixedNames = "false"
		Release.AspNetCompiler.Debug = "False"
		VWDPort = "54806"
		SlnRelativePath = "..\AstixDemo_E360\"
	EndProjectSection
EndProject
Global
	GlobalSection(SolutionConfigurationPlatforms) = preSolution
		Debug|Any CPU = Debug|Any CPU
	EndGlobalSection
	GlobalSection(ProjectConfigurationPlatforms) = postSolution
		{8F2259DC-F030-481D-BD1A-AE20C4D5FD5D}.Debug|Any CPU.ActiveCfg = Debug|Any CPU
		{8F2259DC-F030-481D-BD1A-AE20C4D5FD5D}.Debug|Any CPU.Build.0 = Debug|Any CPU
	EndGlobalSection
	GlobalSection(SolutionProperties) = preSolution
		HideSolutionNode = FALSE
	EndGlobalSection
	GlobalSection(ExtensibilityGlobals) = postSolution
		SolutionGuid = {57192AB4-EAA7-44AB-966F-E670EE501C83}
	EndGlobalSection
EndGlobal
